// !$*UTF8*$!
{
	archiveVersion = 1;
	classes = {
	};
	objectVersion = 46;
	objects = {

/* Begin PBXBuildFile section */
		110F5A9C1D78ED0700143E78 /* AppDelegate.swift in Sources */ = {isa = PBXBuildFile; fileRef = 110F5A9B1D78ED0700143E78 /* AppDelegate.swift */; };
		110F5A9E1D78ED0700143E78 /* ViewController.swift in Sources */ = {isa = PBXBuildFile; fileRef = 110F5A9D1D78ED0700143E78 /* ViewController.swift */; };
		110F5AA11D78ED0700143E78 /* Main.storyboard in Resources */ = {isa = PBXBuildFile; fileRef = 110F5A9F1D78ED0700143E78 /* Main.storyboard */; };
		110F5AA31D78ED0700143E78 /* Assets.xcassets in Resources */ = {isa = PBXBuildFile; fileRef = 110F5AA21D78ED0700143E78 /* Assets.xcassets */; };
		110F5AA61D78ED0700143E78 /* LaunchScreen.storyboard in Resources */ = {isa = PBXBuildFile; fileRef = 110F5AA41D78ED0700143E78 /* LaunchScreen.storyboard */; };
		110F5AB11D78ED0700143E78 /* FLTranslucentNavigationBar_swiftTests.swift in Sources */ = {isa = PBXBuildFile; fileRef = 110F5AB01D78ED0700143E78 /* FLTranslucentNavigationBar_swiftTests.swift */; };
		110F5ABC1D78ED0700143E78 /* FLTranslucentNavigationBar_swiftUITests.swift in Sources */ = {isa = PBXBuildFile; fileRef = 110F5ABB1D78ED0700143E78 /* FLTranslucentNavigationBar_swiftUITests.swift */; };
		110F5AD01D78EFE500143E78 /* SecondViewController.swift in Sources */ = {isa = PBXBuildFile; fileRef = 110F5ACF1D78EFE500143E78 /* SecondViewController.swift */; };
		110F5AD21D78F00F00143E78 /* FLTranlucentRootViewController.swift in Sources */ = {isa = PBXBuildFile; fileRef = 110F5AD11D78F00F00143E78 /* FLTranlucentRootViewController.swift */; };
/* End PBXBuildFile section */

/* Begin PBXContainerItemProxy section */
		110F5AAD1D78ED0700143E78 /* PBXContainerItemProxy */ = {
			isa = PBXContainerItemProxy;
			containerPortal = 110F5A901D78ED0700143E78 /* Project object */;
			proxyType = 1;
			remoteGlobalIDString = 110F5A971D78ED0700143E78;
			remoteInfo = FLTranslucentNavigationBar_swift;
		};
		110F5AB81D78ED0700143E78 /* PBXContainerItemProxy */ = {
			isa = PBXContainerItemProxy;
			containerPortal = 110F5A901D78ED0700143E78 /* Project object */;
			proxyType = 1;
			remoteGlobalIDString = 110F5A971D78ED0700143E78;
			remoteInfo = FLTranslucentNavigationBar_swift;
		};
/* End PBXContainerItemProxy section */

/* Begin PBXFileReference section */
		110F5A981D78ED0700143E78 /* FLTranslucentNavigationBar_swift.app */ = {isa = PBXFileReference; explicitFileType = wrapper.application; includeInIndex = 0; path = FLTranslucentNavigationBar_swift.app; sourceTree = BUILT_PRODUCTS_DIR; };
		110F5A9B1D78ED0700143E78 /* AppDelegate.swift */ = {isa = PBXFileReference; lastKnownFileType = sourcecode.swift; path = AppDelegate.swift; sourceTree = "<group>"; };
		110F5A9D1D78ED0700143E78 /* ViewController.swift */ = {isa = PBXFileReference; lastKnownFileType = sourcecode.swift; path = ViewController.swift; sourceTree = "<group>"; };
		110F5AA01D78ED0700143E78 /* Base */ = {isa = PBXFileReference; lastKnownFileType = file.storyboard; name = Base; path = Base.lproj/Main.storyboard; sourceTree = "<group>"; };
		110F5AA21D78ED0700143E78 /* Assets.xcassets */ = {isa = PBXFileReference; lastKnownFileType = folder.assetcatalog; path = Assets.xcassets; sourceTree = "<group>"; };
		110F5AA51D78ED0700143E78 /* Base */ = {isa = PBXFileReference; lastKnownFileType = file.storyboard; name = Base; path = Base.lproj/LaunchScreen.storyboard; sourceTree = "<group>"; };
		110F5AA71D78ED0700143E78 /* Info.plist */ = {isa = PBXFileReference; lastKnownFileType = text.plist.xml; path = Info.plist; sourceTree = "<group>"; };
		110F5AAC1D78ED0700143E78 /* FLTranslucentNavigationBar_swiftTests.xctest */ = {isa = PBXFileReference; explicitFileType = wrapper.cfbundle; includeInIndex = 0; path = FLTranslucentNavigationBar_swiftTests.xctest; sourceTree = BUILT_PRODUCTS_DIR; };
		110F5AB01D78ED0700143E78 /* FLTranslucentNavigationBar_swiftTests.swift */ = {isa = PBXFileReference; lastKnownFileType = sourcecode.swift; path = FLTranslucentNavigationBar_swiftTests.swift; sourceTree = "<group>"; };
		110F5AB21D78ED0700143E78 /* Info.plist */ = {isa = PBXFileReference; lastKnownFileType = text.plist.xml; path = Info.plist; sourceTree = "<group>"; };
		110F5AB71D78ED0700143E78 /* FLTranslucentNavigationBar_swiftUITests.xctest */ = {isa = PBXFileReference; explicitFileType = wrapper.cfbundle; includeInIndex = 0; path = FLTranslucentNavigationBar_swiftUITests.xctest; sourceTree = BUILT_PRODUCTS_DIR; };
		110F5ABB1D78ED0700143E78 /* FLTranslucentNavigationBar_swiftUITests.swift */ = {isa = PBXFileReference; lastKnownFileType = sourcecode.swift; path = FLTranslucentNavigationBar_swiftUITests.swift; sourceTree = "<group>"; };
		110F5ABD1D78ED0700143E78 /* Info.plist */ = {isa = PBXFileReference; lastKnownFileType = text.plist.xml; path = Info.plist; sourceTree = "<group>"; };
		110F5ACF1D78EFE500143E78 /* SecondViewController.swift */ = {isa = PBXFileReference; fileEncoding = 4; lastKnownFileType = sourcecode.swift; path = SecondViewController.swift; sourceTree = "<group>"; };
		110F5AD11D78F00F00143E78 /* FLTranlucentRootViewController.swift */ = {isa = PBXFileReference; fileEncoding = 4; lastKnownFileType = sourcecode.swift; path = FLTranlucentRootViewController.swift; sourceTree = "<group>"; };
/* End PBXFileReference section */

/* Begin PBXFrameworksBuildPhase section */
		110F5A951D78ED0700143E78 /* Frameworks */ = {
			isa = PBXFrameworksBuildPhase;
			buildActionMask = 2147483647;
			files = (
			);
			runOnlyForDeploymentPostprocessing = 0;
		};
		110F5AA91D78ED0700143E78 /* Frameworks */ = {
			isa = PBXFrameworksBuildPhase;
			buildActionMask = 2147483647;
			files = (
			);
			runOnlyForDeploymentPostprocessing = 0;
		};
		110F5AB41D78ED0700143E78 /* Frameworks */ = {
			isa = PBXFrameworksBuildPhase;
			buildActionMask = 2147483647;
			files = (
			);
			runOnlyForDeploymentPostprocessing = 0;
		};
/* End PBXFrameworksBuildPhase section */

/* Begin PBXGroup section */
		110F5A8F1D78ED0700143E78 = {
			isa = PBXGroup;
			children = (
				110F5A9A1D78ED0700143E78 /* FLTranslucentNavigationBar_swift */,
				110F5AAF1D78ED0700143E78 /* FLTranslucentNavigationBar_swiftTests */,
				110F5ABA1D78ED0700143E78 /* FLTranslucentNavigationBar_swiftUITests */,
				110F5A991D78ED0700143E78 /* Products */,
			);
			sourceTree = "<group>";
		};
		110F5A991D78ED0700143E78 /* Products */ = {
			isa = PBXGroup;
			children = (
				110F5A981D78ED0700143E78 /* FLTranslucentNavigationBar_swift.app */,
				110F5AAC1D78ED0700143E78 /* FLTranslucentNavigationBar_swiftTests.xctest */,
				110F5AB71D78ED0700143E78 /* FLTranslucentNavigationBar_swiftUITests.xctest */,
			);
			name = Products;
			sourceTree = "<group>";
		};
		110F5A9A1D78ED0700143E78 /* FLTranslucentNavigationBar_swift */ = {
			isa = PBXGroup;
			children = (
				110F5A9B1D78ED0700143E78 /* AppDelegate.swift */,
				110F5AD11D78F00F00143E78 /* FLTranlucentRootViewController.swift */,
				110F5A9D1D78ED0700143E78 /* ViewController.swift */,
				110F5ACF1D78EFE500143E78 /* SecondViewController.swift */,
				110F5A9F1D78ED0700143E78 /* Main.storyboard */,
				110F5AA21D78ED0700143E78 /* Assets.xcassets */,
				110F5AA41D78ED0700143E78 /* LaunchScreen.storyboard */,
				110F5AA71D78ED0700143E78 /* Info.plist */,
			);
			path = FLTranslucentNavigationBar_swift;
			sourceTree = "<group>";
		};
		110F5AAF1D78ED0700143E78 /* FLTranslucentNavigationBar_swiftTests */ = {
			isa = PBXGroup;
			children = (
				110F5AB01D78ED0700143E78 /* FLTranslucentNavigationBar_swiftTests.swift */,
				110F5AB21D78ED0700143E78 /* Info.plist */,
			);
			path = FLTranslucentNavigationBar_swiftTests;
			sourceTree = "<group>";
		};
		110F5ABA1D78ED0700143E78 /* FLTranslucentNavigationBar_swiftUITests */ = {
			isa = PBXGroup;
			children = (
				110F5ABB1D78ED0700143E78 /* FLTranslucentNavigationBar_swiftUITests.swift */,
				110F5ABD1D78ED0700143E78 /* Info.plist */,
			);
			path = FLTranslucentNavigationBar_swiftUITests;
			sourceTree = "<group>";
		};
/* End PBXGroup section */

/* Begin PBXNativeTarget section */
		110F5A971D78ED0700143E78 /* FLTranslucentNavigationBar_swift */ = {
			isa = PBXNativeTarget;
			buildConfigurationList = 110F5AC01D78ED0700143E78 /* Build configuration list for PBXNativeTarget "FLTranslucentNavigationBar_swift" */;
			buildPhases = (
				110F5A941D78ED0700143E78 /* Sources */,
				110F5A951D78ED0700143E78 /* Frameworks */,
				110F5A961D78ED0700143E78 /* Resources */,
			);
			buildRules = (
			);
			dependencies = (
			);
			name = FLTranslucentNavigationBar_swift;
			productName = FLTranslucentNavigationBar_swift;
			productReference = 110F5A981D78ED0700143E78 /* FLTranslucentNavigationBar_swift.app */;
			productType = "com.apple.product-type.application";
		};
		110F5AAB1D78ED0700143E78 /* FLTranslucentNavigationBar_swiftTests */ = {
			isa = PBXNativeTarget;
			buildConfigurationList = 110F5AC31D78ED0700143E78 /* Build configuration list for PBXNativeTarget "FLTranslucentNavigationBar_swiftTests" */;
			buildPhases = (
				110F5AA81D78ED0700143E78 /* Sources */,
				110F5AA91D78ED0700143E78 /* Frameworks */,
				110F5AAA1D78ED0700143E78 /* Resources */,
			);
			buildRules = (
			);
			dependencies = (
				110F5AAE1D78ED0700143E78 /* PBXTargetDependency */,
			);
			name = FLTranslucentNavigationBar_swiftTests;
			productName = FLTranslucentNavigationBar_swiftTests;
			productReference = 110F5AAC1D78ED0700143E78 /* FLTranslucentNavigationBar_swiftTests.xctest */;
			productType = "com.apple.product-type.bundle.unit-test";
		};
		110F5AB61D78ED0700143E78 /* FLTranslucentNavigationBar_swiftUITests */ = {
			isa = PBXNativeTarget;
			buildConfigurationList = 110F5AC61D78ED0700143E78 /* Build configuration list for PBXNativeTarget "FLTranslucentNavigationBar_swiftUITests" */;
			buildPhases = (
				110F5AB31D78ED0700143E78 /* Sources */,
				110F5AB41D78ED0700143E78 /* Frameworks */,
				110F5AB51D78ED0700143E78 /* Resources */,
			);
			buildRules = (
			);
			dependencies = (
				110F5AB91D78ED0700143E78 /* PBXTargetDependency */,
			);
			name = FLTranslucentNavigationBar_swiftUITests;
			productName = FLTranslucentNavigationBar_swiftUITests;
			productReference = 110F5AB71D78ED0700143E78 /* FLTranslucentNavigationBar_swiftUITests.xctest */;
			productType = "com.apple.product-type.bundle.ui-testing";
		};
/* End PBXNativeTarget section */

/* Begin PBXProject section */
		110F5A901D78ED0700143E78 /* Project object */ = {
			isa = PBXProject;
			attributes = {
				LastSwiftUpdateCheck = 0730;
				LastUpgradeCheck = 0730;
				ORGANIZATIONNAME = clarence;
				TargetAttributes = {
					110F5A971D78ED0700143E78 = {
						CreatedOnToolsVersion = 7.3;
						LastSwiftMigration = 0800;
					};
					110F5AAB1D78ED0700143E78 = {
						CreatedOnToolsVersion = 7.3;
						LastSwiftMigration = 0800;
						TestTargetID = 110F5A971D78ED0700143E78;
					};
					110F5AB61D78ED0700143E78 = {
						CreatedOnToolsVersion = 7.3;
						LastSwiftMigration = 0800;
						TestTargetID = 110F5A971D78ED0700143E78;
					};
				};
			};
			buildConfigurationList = 110F5A931D78ED0700143E78 /* Build configuration list for PBXProject "FLTranslucentNavigationBar_swift" */;
			compatibilityVersion = "Xcode 3.2";
			developmentRegion = English;
			hasScannedForEncodings = 0;
			knownRegions = (
				en,
				Base,
			);
			mainGroup = 110F5A8F1D78ED0700143E78;
			productRefGroup = 110F5A991D78ED0700143E78 /* Products */;
			projectDirPath = "";
			projectRoot = "";
			targets = (
				110F5A971D78ED0700143E78 /* FLTranslucentNavigationBar_swift */,
				110F5AAB1D78ED0700143E78 /* FLTranslucentNavigationBar_swiftTests */,
				110F5AB61D78ED0700143E78 /* FLTranslucentNavigationBar_swiftUITests */,
			);
		};
/* End PBXProject section */

/* Begin PBXResourcesBuildPhase section */
		110F5A961D78ED0700143E78 /* Resources */ = {
			isa = PBXResourcesBuildPhase;
			buildActionMask = 2147483647;
			files = (
				110F5AA61D78ED0700143E78 /* LaunchScreen.storyboard in Resources */,
				110F5AA31D78ED0700143E78 /* Assets.xcassets in Resources */,
				110F5AA11D78ED0700143E78 /* Main.storyboard in Resources */,
			);
			runOnlyForDeploymentPostprocessing = 0;
		};
		110F5AAA1D78ED0700143E78 /* Resources */ = {
			isa = PBXResourcesBuildPhase;
			buildActionMask = 2147483647;
			files = (
			);
			runOnlyForDeploymentPostprocessing = 0;
		};
		110F5AB51D78ED0700143E78 /* Resources */ = {
			isa = PBXResourcesBuildPhase;
			buildActionMask = 2147483647;
			files = (
			);
			runOnlyForDeploymentPostprocessing = 0;
		};
/* End PBXResourcesBuildPhase section */

/* Begin PBXSourcesBuildPhase section */
		110F5A941D78ED0700143E78 /* Sources */ = {
			isa = PBXSourcesBuildPhase;
			buildActionMask = 2147483647;
			files = (
				110F5AD21D78F00F00143E78 /* FLTranlucentRootViewController.swift in Sources */,
				110F5AD01D78EFE500143E78 /* SecondViewController.swift in Sources */,
				110F5A9E1D78ED0700143E78 /* ViewController.swift in Sources */,
				110F5A9C1D78ED0700143E78 /* AppDelegate.swift in Sources */,
			);
			runOnlyForDeploymentPostprocessing = 0;
		};
		110F5AA81D78ED0700143E78 /* Sources */ = {
			isa = PBXSourcesBuildPhase;
			buildActionMask = 2147483647;
			files = (
				110F5AB11D78ED0700143E78 /* FLTranslucentNavigationBar_swiftTests.swift in Sources */,
			);
			runOnlyForDeploymentPostprocessing = 0;
		};
		110F5AB31D78ED0700143E78 /* Sources */ = {
			isa = PBXSourcesBuildPhase;
			buildActionMask = 2147483647;
			files = (
				110F5ABC1D78ED0700143E78 /* FLTranslucentNavigationBar_swiftUITests.swift in Sources */,
			);
			runOnlyForDeploymentPostprocessing = 0;
		};
/* End PBXSourcesBuildPhase section */

/* Begin PBXTargetDependency section */
		110F5AAE1D78ED0700143E78 /* PBXTargetDependency */ = {
			isa = PBXTargetDependency;
			target = 110F5A971D78ED0700143E78 /* FLTranslucentNavigationBar_swift */;
			targetProxy = 110F5AAD1D78ED0700143E78 /* PBXContainerItemProxy */;
		};
		110F5AB91D78ED0700143E78 /* PBXTargetDependency */ = {
			isa = PBXTargetDependency;
			target = 110F5A971D78ED0700143E78 /* FLTranslucentNavigationBar_swift */;
			targetProxy = 110F5AB81D78ED0700143E78 /* PBXContainerItemProxy */;
		};
/* End PBXTargetDependency section */

/* Begin PBXVariantGroup section */
		110F5A9F1D78ED0700143E78 /* Main.storyboard */ = {
			isa = PBXVariantGroup;
			children = (
				110F5AA01D78ED0700143E78 /* Base */,
			);
			name = Main.storyboard;
			sourceTree = "<group>";
		};
		110F5AA41D78ED0700143E78 /* LaunchScreen.storyboard */ = {
			isa = PBXVariantGroup;
			children = (
				110F5AA51D78ED0700143E78 /* Base */,
			);
			name = LaunchScreen.storyboard;
			sourceTree = "<group>";
		};
/* End PBXVariantGroup section */

/* Begin XCBuildConfiguration section */
		110F5ABE1D78ED0700143E78 /* Debug */ = {
			isa = XCBuildConfiguration;
			buildSettings = {
				ALWAYS_SEARCH_USER_PATHS = NO;
				CLANG_ANALYZER_NONNULL = YES;
				CLANG_CXX_LANGUAGE_STANDARD = "gnu++0x";
				CLANG_CXX_LIBRARY = "libc++";
				CLANG_ENABLE_MODULES = YES;
				CLANG_ENABLE_OBJC_ARC = YES;
				CLANG_WARN_BOOL_CONVERSION = YES;
				CLANG_WARN_CONSTANT_CONVERSION = YES;
				CLANG_WARN_DIRECT_OBJC_ISA_USAGE = YES_ERROR;
				CLANG_WARN_EMPTY_BODY = YES;
				CLANG_WARN_ENUM_CONVERSION = YES;
				CLANG_WARN_INT_CONVERSION = YES;
				CLANG_WARN_OBJC_ROOT_CLASS = YES_ERROR;
				CLANG_WARN_UNREACHABLE_CODE = YES;
				CLANG_WARN__DUPLICATE_METHOD_MATCH = YES;
				"CODE_SIGN_IDENTITY[sdk=iphoneos*]" = "iPhone Developer";
				COPY_PHASE_STRIP = NO;
				DEBUG_INFORMATION_FORMAT = dwarf;
				ENABLE_STRICT_OBJC_MSGSEND = YES;
				ENABLE_TESTABILITY = YES;
				GCC_C_LANGUAGE_STANDARD = gnu99;
				GCC_DYNAMIC_NO_PIC = NO;
				GCC_NO_COMMON_BLOCKS = YES;
				GCC_OPTIMIZATION_LEVEL = 0;
				GCC_PREPROCESSOR_DEFINITIONS = (
					"DEBUG=1",
					"$(inherited)",
				);
				GCC_WARN_64_TO_32_BIT_CONVERSION = YES;
				GCC_WARN_ABOUT_RETURN_TYPE = YES_ERROR;
				GCC_WARN_UNDECLARED_SELECTOR = YES;
				GCC_WARN_UNINITIALIZED_AUTOS = YES_AGGRESSIVE;
				GCC_WARN_UNUSED_FUNCTION = YES;
				GCC_WARN_UNUSED_VARIABLE = YES;
				IPHONEOS_DEPLOYMENT_TARGET = 9.3;
				MTL_ENABLE_DEBUG_INFO = YES;
				ONLY_ACTIVE_ARCH = YES;
				SDKROOT = iphoneos;
				SWIFT_OPTIMIZATION_LEVEL = "-Onone";
			};
			name = Debug;
		};
		110F5ABF1D78ED0700143E78 /* Release */ = {
			isa = XCBuildConfiguration;
			buildSettings = {
				ALWAYS_SEARCH_USER_PATHS = NO;
				CLANG_ANALYZER_NONNULL = YES;
				CLANG_CXX_LANGUAGE_STANDARD = "gnu++0x";
				CLANG_CXX_LIBRARY = "libc++";
				CLANG_ENABLE_MODULES = YES;
				CLANG_ENABLE_OBJC_ARC = YES;
				CLANG_WARN_BOOL_CONVERSION = YES;
				CLANG_WARN_CONSTANT_CONVERSION = YES;
				CLANG_WARN_DIRECT_OBJC_ISA_USAGE = YES_ERROR;
				CLANG_WARN_EMPTY_BODY = YES;
				CLANG_WARN_ENUM_CONVERSION = YES;
				CLANG_WARN_INT_CONVERSION = YES;
				CLANG_WARN_OBJC_ROOT_CLASS = YES_ERROR;
				CLANG_WARN_UNREACHABLE_CODE = YES;
				CLANG_WARN__DUPLICATE_METHOD_MATCH = YES;
				"CODE_SIGN_IDENTITY[sdk=iphoneos*]" = "iPhone Developer";
				COPY_PHASE_STRIP = NO;
				DEBUG_INFORMATION_FORMAT = "dwarf-with-dsym";
				ENABLE_NS_ASSERTIONS = NO;
				ENABLE_STRICT_OBJC_MSGSEND = YES;
				GCC_C_LANGUAGE_STANDARD = gnu99;
				GCC_NO_COMMON_BLOCKS = YES;
				GCC_WARN_64_TO_32_BIT_CONVERSION = YES;
				GCC_WARN_ABOUT_RETURN_TYPE = YES_ERROR;
				GCC_WARN_UNDECLARED_SELECTOR = YES;
				GCC_WARN_UNINITIALIZED_AUTOS = YES_AGGRESSIVE;
				GCC_WARN_UNUSED_FUNCTION = YES;
				GCC_WARN_UNUSED_VARIABLE = YES;
				IPHONEOS_DEPLOYMENT_TARGET = 9.3;
				MTL_ENABLE_DEBUG_INFO = NO;
				SDKROOT = iphoneos;
				VALIDATE_PRODUCT = YES;
			};
			name = Release;
		};
		110F5AC11D78ED0700143E78 /* Debug */ = {
			isa = XCBuildConfiguration;
			buildSettings = {
				ASSETCATALOG_COMPILER_APPICON_NAME = AppIcon;
				INFOPLIST_FILE = FLTranslucentNavigationBar_swift/Info.plist;
				LD_RUNPATH_SEARCH_PATHS = "$(inherited) @executable_path/Frameworks";
				PRODUCT_BUNDLE_IDENTIFIER = "clarence.FLTranslucentNavigationBar-swift";
				PRODUCT_NAME = "$(TARGET_NAME)";
				SWIFT_VERSION = 2.3;
			};
			name = Debug;
		};
		110F5AC21D78ED0700143E78 /* Release */ = {
			isa = XCBuildConfiguration;
			buildSettings = {
				ASSETCATALOG_COMPILER_APPICON_NAME = AppIcon;
				INFOPLIST_FILE = FLTranslucentNavigationBar_swift/Info.plist;
				LD_RUNPATH_SEARCH_PATHS = "$(inherited) @executable_path/Frameworks";
				PRODUCT_BUNDLE_IDENTIFIER = "clarence.FLTranslucentNavigationBar-swift";
				PRODUCT_NAME = "$(TARGET_NAME)";
				SWIFT_VERSION = 2.3;
			};
			name = Release;
		};
		110F5AC41D78ED0700143E78 /* Debug */ = {
			isa = XCBuildConfiguration;
			buildSettings = {
				BUNDLE_LOADER = "$(TEST_HOST)";
				INFOPLIST_FILE = FLTranslucentNavigationBar_swiftTests/Info.plist;
				LD_RUNPATH_SEARCH_PATHS = "$(inherited) @executable_path/Frameworks @loader_path/Frameworks";
				PRODUCT_BUNDLE_IDENTIFIER = "clarence.FLTranslucentNavigationBar-swiftTests";
				PRODUCT_NAME = "$(TARGET_NAME)";
				SWIFT_VERSION = 2.3;
				TEST_HOST = "$(BUILT_PRODUCTS_DIR)/FLTranslucentNavigationBar_swift.app/FLTranslucentNavigationBar_swift";
			};
			name = Debug;
		};
		110F5AC51D78ED0700143E78 /* Release */ = {
			isa = XCBuildConfiguration;
			buildSettings = {
				BUNDLE_LOADER = "$(TEST_HOST)";
				INFOPLIST_FILE = FLTranslucentNavigationBar_swiftTests/Info.plist;
				LD_RUNPATH_SEARCH_PATHS = "$(inherited) @executable_path/Frameworks @loader_path/Frameworks";
				PRODUCT_BUNDLE_IDENTIFIER = "clarence.FLTranslucentNavigationBar-swiftTests";
				PRODUCT_NAME = "$(TARGET_NAME)";
				SWIFT_VERSION = 2.3;
				TEST_HOST = "$(BUILT_PRODUCTS_DIR)/FLTranslucentNavigationBar_swift.app/FLTranslucentNavigationBar_swift";
			};
			name = Release;
		};
		110F5AC71D78ED0700143E78 /* Debug */ = {
			isa = XCBuildConfiguration;
			buildSettings = {
				INFOPLIST_FILE = FLTranslucentNavigationBar_swiftUITests/Info.plist;
				LD_RUNPATH_SEARCH_PATHS = "$(inherited) @executable_path/Frameworks @loader_path/Frameworks";
				PRODUCT_BUNDLE_IDENTIFIER = "clarence.FLTranslucentNavigationBar-swiftUITests";
				PRODUCT_NAME = "$(TARGET_NAME)";
				SWIFT_VERSION = 2.3;
				TEST_TARGET_NAME = FLTranslucentNavigationBar_swift;
			};
			name = Debug;
		};
		110F5AC81D78ED0700143E78 /* Release */ = {
			isa = XCBuildConfiguration;
			buildSettings = {
				INFOPLIST_FILE = FLTranslucentNavigationBar_swiftUITests/Info.plist;
				LD_RUNPATH_SEARCH_PATHS = "$(inherited) @executable_path/Frameworks @loader_path/Frameworks";
				PRODUCT_BUNDLE_IDENTIFIER = "clarence.FLTranslucentNavigationBar-swiftUITests";
				PRODUCT_NAME = "$(TARGET_NAME)";
				SWIFT_VERSION = 2.3;
				TEST_TARGET_NAME = FLTranslucentNavigationBar_swift;
			};
			name = Release;
		};
/* End XCBuildConfiguration section */

/* Begin XCConfigurationList section */
		110F5A931D78ED0700143E78 /* Build configuration list for PBXProject "FLTranslucentNavigationBar_swift" */ = {
			isa = XCConfigurationList;
			buildConfigurations = (
				110F5ABE1D78ED0700143E78 /* Debug */,
				110F5ABF1D78ED0700143E78 /* Release */,
			);
			defaultConfigurationIsVisible = 0;
			defaultConfigurationName = Release;
		};
		110F5AC01D78ED0700143E78 /* Build configuration list for PBXNativeTarget "FLTranslucentNavigationBar_swift" */ = {
			isa = XCConfigurationList;
			buildConfigurations = (
				110F5AC11D78ED0700143E78 /* Debug */,
				110F5AC21D78ED0700143E78 /* Release */,
			);
			defaultConfigurationIsVisible = 0;
			defaultConfigurationName = Release;
		};
		110F5AC31D78ED0700143E78 /* Build configuration list for PBXNativeTarget "FLTranslucentNavigationBar_swiftTests" */ = {
			isa = XCConfigurationList;
			buildConfigurations = (
				110F5AC41D78ED0700143E78 /* Debug */,
				110F5AC51D78ED0700143E78 /* Release */,
			);
			defaultConfigurationIsVisible = 0;
			defaultConfigurationName = Release;
		};
		110F5AC61D78ED0700143E78 /* Build configuration list for PBXNativeTarget "FLTranslucentNavigationBar_swiftUITests" */ = {
			isa = XCConfigurationList;
			buildConfigurations = (
				110F5AC71D78ED0700143E78 /* Debug */,
				110F5AC81D78ED0700143E78 /* Release */,
			);
			defaultConfigurationIsVisible = 0;
			defaultConfigurationName = Release;
		};
/* End XCConfigurationList section */
	};
	rootObject = 110F5A901D78ED0700143E78 /* Project object */;
}
